
Microsoft Visual Studio Solution File, Format Version 11.00
# Visual Studio 2010
Project("{FAE04EC0-301F-11D3-BF4B-00C04F79EFBC}") = "SmartHR", "SmartHR.csproj", "{305048B4-24E5-4A0E-851A-B7869271A67E}"
EndProject
Global
	GlobalSection(SolutionConfigurationPlatforms) = preSolution
		Debug|Any CPU = Debug|Any CPU
		Release|Any CPU = Release|Any CPU
	EndGlobalSection
	GlobalSection(ProjectConfigurationPlatforms) = postSolution
		{305048B4-24E5-4A0E-851A-B7869271A67E}.Debug|Any CPU.ActiveCfg = Debug|Any CPU
		{305048B4-24E5-4A0E-851A-B7869271A67E}.Debug|Any CPU.Build.0 = Debug|Any CPU
		{305048B4-24E5-4A0E-851A-B7869271A67E}.Release|Any CPU.ActiveCfg = Release|Any CPU
		{305048B4-24E5-4A0E-851A-B7869271A67E}.Release|Any CPU.Build.0 = Release|Any CPU
	EndGlobalSection
	GlobalSection(SolutionProperties) = preSolution
		HideSolutionNode = FALSE
	EndGlobalSection
EndGlobal
